
Microsoft Visual Studio Solution File, Format Version 12.00
# Visual Studio Version 17
VisualStudioVersion = 17.0.31903.59
MinimumVisualStudioVersion = 10.0.40219.1
Project("{FAE04EC0-301F-11D3-BF4B-00C04F79EFBC}") = "CustomerService", "CustomerService\CustomerService.csproj", "{608CCB3D-4680-4E4B-A514-660A03573006}"
EndProject
Project("{FAE04EC0-301F-11D3-BF4B-00C04F79EFBC}") = "CustomerService.Test", "CustomerService.Test\CustomerService.Test.csproj", "{37696169-7393-4433-9F25-3936B99AC3C2}"
EndProject
Global
	GlobalSection(SolutionConfigurationPlatforms) = preSolution
		Debug|Any CPU = Debug|Any CPU
		Release|Any CPU = Release|Any CPU
	EndGlobalSection
	GlobalSection(SolutionProperties) = preSolution
		HideSolutionNode = FALSE
	EndGlobalSection
	GlobalSection(ProjectConfigurationPlatforms) = postSolution
		{608CCB3D-4680-4E4B-A514-660A03573006}.Debug|Any CPU.ActiveCfg = Debug|Any CPU
		{608CCB3D-4680-4E4B-A514-660A03573006}.Debug|Any CPU.Build.0 = Debug|Any CPU
		{608CCB3D-4680-4E4B-A514-660A03573006}.Release|Any CPU.ActiveCfg = Release|Any CPU
		{608CCB3D-4680-4E4B-A514-660A03573006}.Release|Any CPU.Build.0 = Release|Any CPU
		{37696169-7393-4433-9F25-3936B99AC3C2}.Debug|Any CPU.ActiveCfg = Debug|Any CPU
		{37696169-7393-4433-9F25-3936B99AC3C2}.Debug|Any CPU.Build.0 = Debug|Any CPU
		{37696169-7393-4433-9F25-3936B99AC3C2}.Release|Any CPU.ActiveCfg = Release|Any CPU
		{37696169-7393-4433-9F25-3936B99AC3C2}.Release|Any CPU.Build.0 = Release|Any CPU
	EndGlobalSection
EndGlobal
